{
  "name": "ColabSphere using SvelteKit",
  "lockfileVersion": 2,
  "requires": true,
  "packages": {
    "": {
      "devDependencies": {
        "svelte-sidebar-menu": "^0.9.12"
      }
    },
    "node_modules/svelte-sidebar-menu": {
      "version": "0.9.12",
      "resolved": "https://registry.npmjs.org/svelte-sidebar-menu/-/svelte-sidebar-menu-0.9.12.tgz",
      "integrity": "sha512-7mUC/5SJDo88oOpjm5zdIoSbjhtrcmFmzs1YBs6AMgcl41L96XO4sMIHgQQAwAZJ43VWhcg+akXPGygYvzynjw==",
      "dev": true,
      "engines": {
        "node": ">=16.0.0",
        "npm": ">=7.0.0"
      }
    }
  },
  "dependencies": {
    "svelte-sidebar-menu": {
      "version": "0.9.12",
      "resolved": "https://registry.npmjs.org/svelte-sidebar-menu/-/svelte-sidebar-menu-0.9.12.tgz",
      "integrity": "sha512-7mUC/5SJDo88oOpjm5zdIoSbjhtrcmFmzs1YBs6AMgcl41L96XO4sMIHgQQAwAZJ43VWhcg+akXPGygYvzynjw==",
      "dev": true
    }
  }
}
